
Microsoft Visual Studio Solution File, Format Version 12.00
Project("{FAE04EC0-301F-11D3-BF4B-00C04F79EFBC}") = "AsyncLock", "src\AsyncLock\AsyncLock.csproj", "{03269F1C-6488-4637-8BBD-63DA8F3A5F12}"
EndProject
Project("{2150E333-8FDC-42A3-9474-1A3956D46DE8}") = "src", "src", "{3C9BB282-2AD5-4B82-A94D-8F0AB51F9D2B}"
EndProject
Project("{2150E333-8FDC-42A3-9474-1A3956D46DE8}") = "test", "test", "{DC3844CD-721E-41E6-92D1-4B37BD0AD837}"
EndProject
Project("{FAE04EC0-301F-11D3-BF4B-00C04F79EFBC}") = "UnitTests", "test\UnitTests\UnitTests.csproj", "{E7A408AA-3A88-42CB-BE8C-4C77AA4729AE}"
EndProject
Global
	GlobalSection(SolutionConfigurationPlatforms) = preSolution
		Debug|Any CPU = Debug|Any CPU
		Release|Any CPU = Release|Any CPU
	EndGlobalSection
	GlobalSection(ProjectConfigurationPlatforms) = postSolution
		{03269F1C-6488-4637-8BBD-63DA8F3A5F12}.Debug|Any CPU.ActiveCfg = Debug|Any CPU
		{03269F1C-6488-4637-8BBD-63DA8F3A5F12}.Debug|Any CPU.Build.0 = Debug|Any CPU
		{03269F1C-6488-4637-8BBD-63DA8F3A5F12}.Release|Any CPU.ActiveCfg = Release|Any CPU
		{03269F1C-6488-4637-8BBD-63DA8F3A5F12}.Release|Any CPU.Build.0 = Release|Any CPU
		{E7A408AA-3A88-42CB-BE8C-4C77AA4729AE}.Debug|Any CPU.ActiveCfg = Debug|Any CPU
		{E7A408AA-3A88-42CB-BE8C-4C77AA4729AE}.Debug|Any CPU.Build.0 = Debug|Any CPU
		{E7A408AA-3A88-42CB-BE8C-4C77AA4729AE}.Release|Any CPU.ActiveCfg = Release|Any CPU
		{E7A408AA-3A88-42CB-BE8C-4C77AA4729AE}.Release|Any CPU.Build.0 = Release|Any CPU
	EndGlobalSection
	GlobalSection(NestedProjects) = preSolution
		{03269F1C-6488-4637-8BBD-63DA8F3A5F12} = {3C9BB282-2AD5-4B82-A94D-8F0AB51F9D2B}
		{E7A408AA-3A88-42CB-BE8C-4C77AA4729AE} = {DC3844CD-721E-41E6-92D1-4B37BD0AD837}
	EndGlobalSection
EndGlobal
